
Microsoft Visual Studio Solution File, Format Version 12.00
# Visual Studio 15
VisualStudioVersion = 15.0.28307.902
MinimumVisualStudioVersion = 10.0.40219.1
Project("{FAE04EC0-301F-11D3-BF4B-00C04F79EFBC}") = "Chapter7.Android", "Chapter7\Chapter7.Android\Chapter7.Android.csproj", "{E92E0346-8D76-4D7F-A160-8E0DD253E399}"
EndProject
Project("{FAE04EC0-301F-11D3-BF4B-00C04F79EFBC}") = "Chapter7", "Chapter7\Chapter7\Chapter7.csproj", "{FF83A8ED-7D85-45DC-AEB7-086BCC7DA49A}"
EndProject
Global
	GlobalSection(SolutionConfigurationPlatforms) = preSolution
		Debug|Any CPU = Debug|Any CPU
		Release|Any CPU = Release|Any CPU
	EndGlobalSection
	GlobalSection(ProjectConfigurationPlatforms) = postSolution
		{E92E0346-8D76-4D7F-A160-8E0DD253E399}.Debug|Any CPU.ActiveCfg = Debug|Any CPU
		{E92E0346-8D76-4D7F-A160-8E0DD253E399}.Debug|Any CPU.Build.0 = Debug|Any CPU
		{E92E0346-8D76-4D7F-A160-8E0DD253E399}.Debug|Any CPU.Deploy.0 = Debug|Any CPU
		{E92E0346-8D76-4D7F-A160-8E0DD253E399}.Release|Any CPU.ActiveCfg = Release|Any CPU
		{E92E0346-8D76-4D7F-A160-8E0DD253E399}.Release|Any CPU.Build.0 = Release|Any CPU
		{E92E0346-8D76-4D7F-A160-8E0DD253E399}.Release|Any CPU.Deploy.0 = Release|Any CPU
		{FF83A8ED-7D85-45DC-AEB7-086BCC7DA49A}.Debug|Any CPU.ActiveCfg = Debug|Any CPU
		{FF83A8ED-7D85-45DC-AEB7-086BCC7DA49A}.Debug|Any CPU.Build.0 = Debug|Any CPU
		{FF83A8ED-7D85-45DC-AEB7-086BCC7DA49A}.Debug|Any CPU.Deploy.0 = Debug|Any CPU
		{FF83A8ED-7D85-45DC-AEB7-086BCC7DA49A}.Release|Any CPU.ActiveCfg = Release|Any CPU
		{FF83A8ED-7D85-45DC-AEB7-086BCC7DA49A}.Release|Any CPU.Build.0 = Release|Any CPU
		{FF83A8ED-7D85-45DC-AEB7-086BCC7DA49A}.Release|Any CPU.Deploy.0 = Release|Any CPU
	EndGlobalSection
	GlobalSection(SolutionProperties) = preSolution
		HideSolutionNode = FALSE
	EndGlobalSection
	GlobalSection(ExtensibilityGlobals) = postSolution
		SolutionGuid = {5EDE9207-D52E-4552-AF81-EBF2A72EAE1D}
	EndGlobalSection
EndGlobal
