
Microsoft Visual Studio Solution File, Format Version 12.00
# Visual Studio 15
VisualStudioVersion = 15.0.28307.902
MinimumVisualStudioVersion = 10.0.40219.1
Project("{FAE04EC0-301F-11D3-BF4B-00C04F79EFBC}") = "demo1.Android", "demo1\demo1.Android\demo1.Android.csproj", "{C517A5E7-332C-477A-82D3-4152B51D99F5}"
EndProject
Project("{FAE04EC0-301F-11D3-BF4B-00C04F79EFBC}") = "demo1", "demo1\demo1\demo1.csproj", "{5C380A61-4420-4F08-9DCA-1584147C0DEF}"
EndProject
Global
	GlobalSection(SolutionConfigurationPlatforms) = preSolution
		Debug|Any CPU = Debug|Any CPU
		Release|Any CPU = Release|Any CPU
	EndGlobalSection
	GlobalSection(ProjectConfigurationPlatforms) = postSolution
		{C517A5E7-332C-477A-82D3-4152B51D99F5}.Debug|Any CPU.ActiveCfg = Debug|Any CPU
		{C517A5E7-332C-477A-82D3-4152B51D99F5}.Debug|Any CPU.Build.0 = Debug|Any CPU
		{C517A5E7-332C-477A-82D3-4152B51D99F5}.Debug|Any CPU.Deploy.0 = Debug|Any CPU
		{C517A5E7-332C-477A-82D3-4152B51D99F5}.Release|Any CPU.ActiveCfg = Release|Any CPU
		{C517A5E7-332C-477A-82D3-4152B51D99F5}.Release|Any CPU.Build.0 = Release|Any CPU
		{C517A5E7-332C-477A-82D3-4152B51D99F5}.Release|Any CPU.Deploy.0 = Release|Any CPU
		{5C380A61-4420-4F08-9DCA-1584147C0DEF}.Debug|Any CPU.ActiveCfg = Debug|Any CPU
		{5C380A61-4420-4F08-9DCA-1584147C0DEF}.Debug|Any CPU.Build.0 = Debug|Any CPU
		{5C380A61-4420-4F08-9DCA-1584147C0DEF}.Debug|Any CPU.Deploy.0 = Debug|Any CPU
		{5C380A61-4420-4F08-9DCA-1584147C0DEF}.Release|Any CPU.ActiveCfg = Release|Any CPU
		{5C380A61-4420-4F08-9DCA-1584147C0DEF}.Release|Any CPU.Build.0 = Release|Any CPU
		{5C380A61-4420-4F08-9DCA-1584147C0DEF}.Release|Any CPU.Deploy.0 = Release|Any CPU
	EndGlobalSection
	GlobalSection(SolutionProperties) = preSolution
		HideSolutionNode = FALSE
	EndGlobalSection
	GlobalSection(ExtensibilityGlobals) = postSolution
		SolutionGuid = {8F62DB47-C446-4862-B4C4-A16685A66919}
	EndGlobalSection
EndGlobal
